# THIS IS AN AUTOGENERATED FILE. DO NOT EDIT THIS FILE DIRECTLY.
# yarn lockfile v1


"@babel/parser@^7.23.6":
  version "7.23.6"
  resolved "https://registry.npmmirror.com/@babel/parser/-/parser-7.23.6.tgz"
  integrity sha512-Z2uID7YJ7oNvAI20O9X0bblw7Qqs8Q2hFy0R9tAfnfLkp5MW0UH9eUvnDSnFwKZ0AvgS1ucqR4KzvVHgnke1VQ==

"@esbuild/win32-x64@0.19.11":
  version "0.19.11"
  resolved "https://registry.npmmirror.com/@esbuild/win32-x64/-/win32-x64-0.19.11.tgz"
  integrity sha512-vfkhltrjCAb603XaFhqhAF4LGDi2M4OrCRrFusyQ+iTLQ/o60QQXxc9cZC/FFpihBI9N1Grn6SMKVJ4KP7Fuiw==

"@jridgewell/sourcemap-codec@^1.4.15":
  version "1.4.15"
  resolved "https://registry.npmmirror.com/@jridgewell/sourcemap-codec/-/sourcemap-codec-1.4.15.tgz"
  integrity sha512-eF2rxCRulEKXHTRiDrDy6erMYWqNw4LPdQ8UQA4huuxaQsVeRPFl2oM8oDGxMFhJUWZf9McpLtJasDDZb/Bpeg==

"@rollup/rollup-win32-x64-msvc@4.9.4":
  version "4.9.4"
  resolved "https://registry.npmmirror.com/@rollup/rollup-win32-x64-msvc/-/rollup-win32-x64-msvc-4.9.4.tgz"
  integrity sha512-LfdGXCV9rdEify1oxlN9eamvDSjv9md9ZVMAbNHA87xqIfFCxImxan9qZ8+Un54iK2nnqPlbnSi4R54ONtbWBw==

"@types/estree@1.0.5":
  version "1.0.5"
  resolved "https://registry.npmmirror.com/@types/estree/-/estree-1.0.5.tgz"
  integrity sha512-/kYRxGDLWzHOB7q+wtSUQlFrtcdUccpfy+X+9iMBpHK8QLLhx2wIPYuS5DYtR9Wa/YlZAbIovy7qVdB1Aq6Lyw==

"@types/node@^18.0.0 || >=20.0.0", "@types/node@^20.11.0":
  version "20.11.0"
  resolved "https://registry.npmmirror.com/@types/node/-/node-20.11.0.tgz"
  integrity sha512-o9bjXmDNcF7GbM4CNQpmi+TutCgap/K3w1JyKgxAjqx41zp9qlIAVFi0IhCNsJcXolEqLWhbFbEeL0PvYm4pcQ==
  dependencies:
    undici-types "~5.26.4"

"@vitejs/plugin-vue@^4.5.2":
  version "4.6.2"
  resolved "https://registry.npmmirror.com/@vitejs/plugin-vue/-/plugin-vue-4.6.2.tgz"
  integrity sha512-kqf7SGFoG+80aZG6Pf+gsZIVvGSCKE98JbiWqcCV9cThtg91Jav0yvYFC9Zb+jKetNGF6ZKeoaxgZfND21fWKw==

"@vue/compiler-core@3.4.9":
  version "3.4.9"
  resolved "https://registry.npmmirror.com/@vue/compiler-core/-/compiler-core-3.4.9.tgz"
  integrity sha512-8zjlR0LVG3bVX0dX9rnDSr/lWsheRGyThJTfxf27LMBZqNqYy1Zd3R8rVVUQrcWCpAaSwOFQ+IPeLq3NH4f4zA==
  dependencies:
    "@babel/parser" "^7.23.6"
    "@vue/shared" "3.4.9"
    entities "^4.5.0"
    estree-walker "^2.0.2"
    source-map-js "^1.0.2"

"@vue/compiler-dom@3.4.9":
  version "3.4.9"
  resolved "https://registry.npmmirror.com/@vue/compiler-dom/-/compiler-dom-3.4.9.tgz"
  integrity sha512-29bSR7JYowFiqGHn6eXsxanCS+21HWv+Yi3q4YRmR7Qq084AKK/HCadsN6rX4gPxIk8op2g0VlGLvqMVPehwow==
  dependencies:
    "@vue/compiler-core" "3.4.9"
    "@vue/shared" "3.4.9"

"@vue/compiler-sfc@3.4.9":
  version "3.4.9"
  resolved "https://registry.npmmirror.com/@vue/compiler-sfc/-/compiler-sfc-3.4.9.tgz"
  integrity sha512-G7N5lLEXhUPVlLU2m4foLQZQSjLSAFkd9NDEbbkDcvKmUZtB6CRVTM1R63PKSPjfHO4HtDzT5oH0/AGFSPJPmg==
  dependencies:
    "@babel/parser" "^7.23.6"
    "@vue/compiler-core" "3.4.9"
    "@vue/compiler-dom" "3.4.9"
    "@vue/compiler-ssr" "3.4.9"
    "@vue/shared" "3.4.9"
    estree-walker "^2.0.2"
    magic-string "^0.30.5"
    postcss "^8.4.32"
    source-map-js "^1.0.2"

"@vue/compiler-ssr@3.4.9":
  version "3.4.9"
  resolved "https://registry.npmmirror.com/@vue/compiler-ssr/-/compiler-ssr-3.4.9.tgz"
  integrity sha512-CqkrrHv3iVjFyo+crxOMEreHrg8Ad6MHidbq3SQq33UazmHTGlmVXA2RtshPDn1/sbYMh367sdIebBV4qsWJNg==
  dependencies:
    "@vue/compiler-dom" "3.4.9"
    "@vue/shared" "3.4.9"

"@vue/devtools-api@^6.5.0":
  version "6.5.1"
  resolved "https://registry.npmmirror.com/@vue/devtools-api/-/devtools-api-6.5.1.tgz"
  integrity sha512-+KpckaAQyfbvshdDW5xQylLni1asvNSGme1JFs8I1+/H5pHEhqUKMEQD/qn3Nx5+/nycBq11qAEi8lk+LXI2dA==

"@vue/reactivity@3.4.9":
  version "3.4.9"
  resolved "https://registry.npmmirror.com/@vue/reactivity/-/reactivity-3.4.9.tgz"
  integrity sha512-xSbQ0mT9b0DQZyjvpLG14lZI4vUoYe8SazyXV+DVHdC1N46xIa6ZCRzu5Y4IDIrIV14f728b8FcN68s9x5zJvQ==
  dependencies:
    "@vue/shared" "3.4.9"

"@vue/runtime-core@3.4.9":
  version "3.4.9"
  resolved "https://registry.npmmirror.com/@vue/runtime-core/-/runtime-core-3.4.9.tgz"
  integrity sha512-+LDblIs/lgEKRczBFfaX/Se8UIHucVnXoBA49VnZSeK8WXG1B5Ha7vuWiekCEk7yYEParYqsy8VetHxruLJXPA==
  dependencies:
    "@vue/reactivity" "3.4.9"
    "@vue/shared" "3.4.9"

"@vue/runtime-dom@3.4.9":
  version "3.4.9"
  resolved "https://registry.npmmirror.com/@vue/runtime-dom/-/runtime-dom-3.4.9.tgz"
  integrity sha512-yn/4xuMymQRVzdEALs1VQY/kfI6swRjV2Y+CHVjGqQfzj9ZtesnHdej3OErkTkEBdtq+rg1F/ZAwBxN2oUl1Zg==
  dependencies:
    "@vue/runtime-core" "3.4.9"
    "@vue/shared" "3.4.9"
    csstype "^3.1.3"

"@vue/server-renderer@3.4.9":
  version "3.4.9"
  resolved "https://registry.npmmirror.com/@vue/server-renderer/-/server-renderer-3.4.9.tgz"
  integrity sha512-zsh4M4zfaEmCIIUZYXVf2p9i32pjDM+lLhq2INWjxJcYz3EvqLEkiWXjvQHtvwostkTtj3lAMjxxLcGkuI3bYg==
  dependencies:
    "@vue/compiler-ssr" "3.4.9"
    "@vue/shared" "3.4.9"

"@vue/shared@3.4.9":
  version "3.4.9"
  resolved "https://registry.npmmirror.com/@vue/shared/-/shared-3.4.9.tgz"
  integrity sha512-AV1ibMMuiQV7TysP9mGcg7q+m1VkSh5m/w2KITW7Yel9raxiTiH6QGaJ+8V26QCH0C4o2xgsw/DQf+gDFjV4vQ==

csstype@^3.1.3:
  version "3.1.3"
  resolved "https://registry.npmmirror.com/csstype/-/csstype-3.1.3.tgz"
  integrity sha512-M1uQkMl8rQK/szD0LNhtqxIPLpimGm8sOBwU7lLnCpSbTyY3yeU1Vc7l4KT5zT4s/yOxHH5O7tIuuLOCnLADRw==

entities@^4.5.0:
  version "4.5.0"
  resolved "https://registry.npmmirror.com/entities/-/entities-4.5.0.tgz"
  integrity sha512-V0hjH4dGPh9Ao5p0MoRY6BVqtwCjhz6vI5LT8AJ55H+4g9/4vbHx1I54fS0XuclLhDHArPQCiMjDxjaL8fPxhw==

esbuild@^0.19.3:
  version "0.19.11"
  resolved "https://registry.npmmirror.com/esbuild/-/esbuild-0.19.11.tgz"
  integrity sha512-HJ96Hev2hX/6i5cDVwcqiJBBtuo9+FeIJOtZ9W1kA5M6AMJRHUZlpYZ1/SbEwtO0ioNAW8rUooVpC/WehY2SfA==
  optionalDependencies:
    "@esbuild/aix-ppc64" "0.19.11"
    "@esbuild/android-arm" "0.19.11"
    "@esbuild/android-arm64" "0.19.11"
    "@esbuild/android-x64" "0.19.11"
    "@esbuild/darwin-arm64" "0.19.11"
    "@esbuild/darwin-x64" "0.19.11"
    "@esbuild/freebsd-arm64" "0.19.11"
    "@esbuild/freebsd-x64" "0.19.11"
    "@esbuild/linux-arm" "0.19.11"
    "@esbuild/linux-arm64" "0.19.11"
    "@esbuild/linux-ia32" "0.19.11"
    "@esbuild/linux-loong64" "0.19.11"
    "@esbuild/linux-mips64el" "0.19.11"
    "@esbuild/linux-ppc64" "0.19.11"
    "@esbuild/linux-riscv64" "0.19.11"
    "@esbuild/linux-s390x" "0.19.11"
    "@esbuild/linux-x64" "0.19.11"
    "@esbuild/netbsd-x64" "0.19.11"
    "@esbuild/openbsd-x64" "0.19.11"
    "@esbuild/sunos-x64" "0.19.11"
    "@esbuild/win32-arm64" "0.19.11"
    "@esbuild/win32-ia32" "0.19.11"
    "@esbuild/win32-x64" "0.19.11"

estree-walker@^2.0.2:
  version "2.0.2"
  resolved "https://registry.npmmirror.com/estree-walker/-/estree-walker-2.0.2.tgz"
  integrity sha512-Rfkk/Mp/DL7JVje3u18FxFujQlTNR2q6QfMSMB7AvCBx91NGj/ba3kCfza0f6dVDbw7YlRf/nDrn7pQrCCyQ/w==

magic-string@^0.30.5:
  version "0.30.5"
  resolved "https://registry.npmmirror.com/magic-string/-/magic-string-0.30.5.tgz"
  integrity sha512-7xlpfBaQaP/T6Vh8MO/EqXSW5En6INHEvEXQiuff7Gku0PWjU3uf6w/j9o7O+SpB5fOAkrI5HeoNgwjEO0pFsA==
  dependencies:
    "@jridgewell/sourcemap-codec" "^1.4.15"

nanoid@^3.3.7:
  version "3.3.7"
  resolved "https://registry.npmmirror.com/nanoid/-/nanoid-3.3.7.tgz"
  integrity sha512-eSRppjcPIatRIMC1U6UngP8XFcz8MQWGQdt1MTBQ7NaAmvXDfvNxbvWV3x2y6CdEUciCSsDHDQZbhYaB8QEo2g==

picocolors@^1.0.0:
  version "1.0.0"
  resolved "https://registry.npmmirror.com/picocolors/-/picocolors-1.0.0.tgz"
  integrity sha512-1fygroTLlHu66zi26VoTDv8yRgm0Fccecssto+MhsZ0D/DGW2sm8E8AjW7NU5VVTRt5GxbeZ5qBuJr+HyLYkjQ==

pinia@^2.1.7:
  version "2.1.7"
  resolved "https://registry.npmmirror.com/pinia/-/pinia-2.1.7.tgz"
  integrity sha512-+C2AHFtcFqjPih0zpYuvof37SFxMQ7OEG2zV9jRI12i9BOy3YQVAHwdKtyyc8pDcDyIc33WCIsZaCFWU7WWxGQ==
  dependencies:
    "@vue/devtools-api" "^6.5.0"
    vue-demi ">=0.14.5"

postcss@^8.4.32:
  version "8.4.33"
  resolved "https://registry.npmmirror.com/postcss/-/postcss-8.4.33.tgz"
  integrity sha512-Kkpbhhdjw2qQs2O2DGX+8m5OVqEcbB9HRBvuYM9pgrjEFUg30A9LmXNlTAUj4S9kgtGyrMbTzVjH7E+s5Re2yg==
  dependencies:
    nanoid "^3.3.7"
    picocolors "^1.0.0"
    source-map-js "^1.0.2"

rollup@^4.2.0:
  version "4.9.4"
  resolved "https://registry.npmmirror.com/rollup/-/rollup-4.9.4.tgz"
  integrity sha512-2ztU7pY/lrQyXSCnnoU4ICjT/tCG9cdH3/G25ERqE3Lst6vl2BCM5hL2Nw+sslAvAf+ccKsAq1SkKQALyqhR7g==
  dependencies:
    "@types/estree" "1.0.5"
  optionalDependencies:
    "@rollup/rollup-android-arm-eabi" "4.9.4"
    "@rollup/rollup-android-arm64" "4.9.4"
    "@rollup/rollup-darwin-arm64" "4.9.4"
    "@rollup/rollup-darwin-x64" "4.9.4"
    "@rollup/rollup-linux-arm-gnueabihf" "4.9.4"
    "@rollup/rollup-linux-arm64-gnu" "4.9.4"
    "@rollup/rollup-linux-arm64-musl" "4.9.4"
    "@rollup/rollup-linux-riscv64-gnu" "4.9.4"
    "@rollup/rollup-linux-x64-gnu" "4.9.4"
    "@rollup/rollup-linux-x64-musl" "4.9.4"
    "@rollup/rollup-win32-arm64-msvc" "4.9.4"
    "@rollup/rollup-win32-ia32-msvc" "4.9.4"
    "@rollup/rollup-win32-x64-msvc" "4.9.4"
    fsevents "~2.3.2"

source-map-js@^1.0.2:
  version "1.0.2"
  resolved "https://registry.npmmirror.com/source-map-js/-/source-map-js-1.0.2.tgz"
  integrity sha512-R0XvVJ9WusLiqTCEiGCmICCMplcCkIwwR11mOSD9CR5u+IXYdiseeEuXCVAjS54zqwkLcPNnmU4OeJ6tUrWhDw==

undici-types@~5.26.4:
  version "5.26.5"
  resolved "https://registry.npmmirror.com/undici-types/-/undici-types-5.26.5.tgz"
  integrity sha512-JlCMO+ehdEIKqlFxk6IfVoAUVmgz7cU7zD/h9XZ0qzeosSHmUJVOzSQvvYSYWXkFXC+IfLKSIffhv0sVZup6pA==

"vite@^4.0.0 || ^5.0.0", vite@^5.0.8:
  version "5.0.11"
  resolved "https://registry.npmmirror.com/vite/-/vite-5.0.11.tgz"
  integrity sha512-XBMnDjZcNAw/G1gEiskiM1v6yzM4GE5aMGvhWTlHAYYhxb7S3/V1s3m2LDHa8Vh6yIWYYB0iJwsEaS523c4oYA==
  dependencies:
    esbuild "^0.19.3"
    postcss "^8.4.32"
    rollup "^4.2.0"
  optionalDependencies:
    fsevents "~2.3.3"

vue-demi@>=0.14.5:
  version "0.14.6"
  resolved "https://registry.npmmirror.com/vue-demi/-/vue-demi-0.14.6.tgz"
  integrity sha512-8QA7wrYSHKaYgUxDA5ZC24w+eHm3sYCbp0EzcDwKqN3p6HqtTCGR/GVsPyZW92unff4UlcSh++lmqDWN3ZIq4w==

vue-router@4:
  version "4.2.5"
  resolved "https://registry.npmmirror.com/vue-router/-/vue-router-4.2.5.tgz"
  integrity sha512-DIUpKcyg4+PTQKfFPX88UWhlagBEBEfJ5A8XDXRJLUnZOvcpMF8o/dnL90vpVkGaPbjvXazV/rC1qBKrZlFugw==
  dependencies:
    "@vue/devtools-api" "^6.5.0"

"vue@^2.6.14 || ^3.3.0", "vue@^3.0.0-0 || ^2.6.0", vue@^3.2.0, vue@^3.2.25, vue@^3.3.11, vue@3.4.9:
  version "3.4.9"
  resolved "https://registry.npmmirror.com/vue/-/vue-3.4.9.tgz"
  integrity sha512-3Dc0cZqHIxvoKugWOTe6MCv8Hr+jQAumEyHEe/9ZPNiZvcHSP/HfiHZivqdO1hSeFtWLKa1iuyNTBRKSQhbxsA==
  dependencies:
    "@vue/compiler-dom" "3.4.9"
    "@vue/compiler-sfc" "3.4.9"
    "@vue/runtime-dom" "3.4.9"
    "@vue/server-renderer" "3.4.9"
    "@vue/shared" "3.4.9"
